
Microsoft Visual Studio Solution File, Format Version 12.00
# Visual Studio Version 17
VisualStudioVersion = 17.13.35825.156
MinimumVisualStudioVersion = 10.0.40219.1
Project("{FAE04EC0-301F-11D3-BF4B-00C04F79EFBC}") = "WinFormsApp2", "WinFormsApp2\WinFormsApp2.csproj", "{4E484458-EF12-4374-9E8C-8EDCEA8733A1}"
EndProject
Project("{9A19103F-16F7-4668-BE54-9A1E7A4F7556}") = "Infraestrutura", "ConexaoBancoDeDados\Infraestrutura.csproj", "{03037A8E-CEC8-4E5D-B76C-646EE2C8E316}"
EndProject
Project("{9A19103F-16F7-4668-BE54-9A1E7A4F7556}") = "Dominio", "Dominio\Dominio.csproj", "{EE276BA7-CACE-4C82-9521-D9ED8663AF57}"
EndProject
Project("{9A19103F-16F7-4668-BE54-9A1E7A4F7556}") = "Aplicação", "Aplicação\Aplicação.csproj", "{403A1F8A-8693-45EC-BB2D-9AC734A84C3B}"
EndProject
Project("{FAE04EC0-301F-11D3-BF4B-00C04F79EFBC}") = "EsqueciASenhaTeste", "EsqueciASenhaTeste\EsqueciASenhaTeste.csproj", "{EBBF4CE1-1AF4-4DD3-B34D-7AFB94CB4CA1}"
EndProject
Global
	GlobalSection(SolutionConfigurationPlatforms) = preSolution
		Debug|Any CPU = Debug|Any CPU
		Release|Any CPU = Release|Any CPU
	EndGlobalSection
	GlobalSection(ProjectConfigurationPlatforms) = postSolution
		{4E484458-EF12-4374-9E8C-8EDCEA8733A1}.Debug|Any CPU.ActiveCfg = Debug|Any CPU
		{4E484458-EF12-4374-9E8C-8EDCEA8733A1}.Debug|Any CPU.Build.0 = Debug|Any CPU
		{4E484458-EF12-4374-9E8C-8EDCEA8733A1}.Release|Any CPU.ActiveCfg = Release|Any CPU
		{4E484458-EF12-4374-9E8C-8EDCEA8733A1}.Release|Any CPU.Build.0 = Release|Any CPU
		{03037A8E-CEC8-4E5D-B76C-646EE2C8E316}.Debug|Any CPU.ActiveCfg = Debug|Any CPU
		{03037A8E-CEC8-4E5D-B76C-646EE2C8E316}.Debug|Any CPU.Build.0 = Debug|Any CPU
		{03037A8E-CEC8-4E5D-B76C-646EE2C8E316}.Release|Any CPU.ActiveCfg = Release|Any CPU
		{03037A8E-CEC8-4E5D-B76C-646EE2C8E316}.Release|Any CPU.Build.0 = Release|Any CPU
		{EE276BA7-CACE-4C82-9521-D9ED8663AF57}.Debug|Any CPU.ActiveCfg = Debug|Any CPU
		{EE276BA7-CACE-4C82-9521-D9ED8663AF57}.Debug|Any CPU.Build.0 = Debug|Any CPU
		{EE276BA7-CACE-4C82-9521-D9ED8663AF57}.Release|Any CPU.ActiveCfg = Release|Any CPU
		{EE276BA7-CACE-4C82-9521-D9ED8663AF57}.Release|Any CPU.Build.0 = Release|Any CPU
		{403A1F8A-8693-45EC-BB2D-9AC734A84C3B}.Debug|Any CPU.ActiveCfg = Debug|Any CPU
		{403A1F8A-8693-45EC-BB2D-9AC734A84C3B}.Debug|Any CPU.Build.0 = Debug|Any CPU
		{403A1F8A-8693-45EC-BB2D-9AC734A84C3B}.Release|Any CPU.ActiveCfg = Release|Any CPU
		{403A1F8A-8693-45EC-BB2D-9AC734A84C3B}.Release|Any CPU.Build.0 = Release|Any CPU
		{EBBF4CE1-1AF4-4DD3-B34D-7AFB94CB4CA1}.Debug|Any CPU.ActiveCfg = Debug|Any CPU
		{EBBF4CE1-1AF4-4DD3-B34D-7AFB94CB4CA1}.Debug|Any CPU.Build.0 = Debug|Any CPU
		{EBBF4CE1-1AF4-4DD3-B34D-7AFB94CB4CA1}.Release|Any CPU.ActiveCfg = Release|Any CPU
		{EBBF4CE1-1AF4-4DD3-B34D-7AFB94CB4CA1}.Release|Any CPU.Build.0 = Release|Any CPU
	EndGlobalSection
	GlobalSection(SolutionProperties) = preSolution
		HideSolutionNode = FALSE
	EndGlobalSection
	GlobalSection(ExtensibilityGlobals) = postSolution
		SolutionGuid = {0E0442D8-FFCC-45E3-89FF-3DD76BCB7164}
	EndGlobalSection
EndGlobal
